
Microsoft Visual Studio Solution File, Format Version 12.00
# Visual Studio Version 16
VisualStudioVersion = 16.0.31605.320
MinimumVisualStudioVersion = 10.0.40219.1
Project("{FAE04EC0-301F-11D3-BF4B-00C04F79EFBC}") = "GB-03-04", "GB-03-04\GB-03-04.csproj", "{4E48B7E9-6ACC-4D2B-949E-C064483F15D2}"
EndProject
Global
	GlobalSection(SolutionConfigurationPlatforms) = preSolution
		Debug|Any CPU = Debug|Any CPU
		Release|Any CPU = Release|Any CPU
	EndGlobalSection
	GlobalSection(ProjectConfigurationPlatforms) = postSolution
		{4E48B7E9-6ACC-4D2B-949E-C064483F15D2}.Debug|Any CPU.ActiveCfg = Debug|Any CPU
		{4E48B7E9-6ACC-4D2B-949E-C064483F15D2}.Debug|Any CPU.Build.0 = Debug|Any CPU
		{4E48B7E9-6ACC-4D2B-949E-C064483F15D2}.Release|Any CPU.ActiveCfg = Release|Any CPU
		{4E48B7E9-6ACC-4D2B-949E-C064483F15D2}.Release|Any CPU.Build.0 = Release|Any CPU
	EndGlobalSection
	GlobalSection(SolutionProperties) = preSolution
		HideSolutionNode = FALSE
	EndGlobalSection
	GlobalSection(ExtensibilityGlobals) = postSolution
		SolutionGuid = {79D7EA5E-7DEE-4376-86E5-18CB9062D92F}
	EndGlobalSection
EndGlobal
